Microsoft Visual Studio Solution File, Format Version 12.00
Project("{F2A71F9B-5D33-465A-A702-920D77279786}") = "Web", "Web\Web.fsproj", "{1385DF60-8504-4D39-A239-6A82ABC767D5}"
EndProject
Project("{F2A71F9B-5D33-465A-A702-920D77279786}") = "Tests", "Tests\Tests.fsproj", "{F61DE8EA-3489-428A-A6D4-06F515198EA0}"
EndProject
Project("{F2A71F9B-5D33-465A-A702-920D77279786}") = "Migrations", "Migrations\Migrations.fsproj", "{7FACD6EB-7DA4-412D-A372-E420DB4A6E3E}"
EndProject
Global
	GlobalSection(SolutionConfigurationPlatforms) = preSolution
		Debug|Any CPU = Debug|Any CPU
		Release|Any CPU = Release|Any CPU
	EndGlobalSection
	GlobalSection(ProjectConfigurationPlatforms) = postSolution
		{1385DF60-8504-4D39-A239-6A82ABC767D5}.Debug|Any CPU.ActiveCfg = Debug|Any CPU
		{1385DF60-8504-4D39-A239-6A82ABC767D5}.Debug|Any CPU.Build.0 = Debug|Any CPU
		{1385DF60-8504-4D39-A239-6A82ABC767D5}.Release|Any CPU.ActiveCfg = Release|Any CPU
		{1385DF60-8504-4D39-A239-6A82ABC767D5}.Release|Any CPU.Build.0 = Release|Any CPU
		{F61DE8EA-3489-428A-A6D4-06F515198EA0}.Debug|Any CPU.ActiveCfg = Debug|Any CPU
		{F61DE8EA-3489-428A-A6D4-06F515198EA0}.Debug|Any CPU.Build.0 = Debug|Any CPU
		{F61DE8EA-3489-428A-A6D4-06F515198EA0}.Release|Any CPU.ActiveCfg = Release|Any CPU
		{F61DE8EA-3489-428A-A6D4-06F515198EA0}.Release|Any CPU.Build.0 = Release|Any CPU
		{7FACD6EB-7DA4-412D-A372-E420DB4A6E3E}.Debug|Any CPU.ActiveCfg = Debug|Any CPU
		{7FACD6EB-7DA4-412D-A372-E420DB4A6E3E}.Debug|Any CPU.Build.0 = Debug|Any CPU
		{7FACD6EB-7DA4-412D-A372-E420DB4A6E3E}.Release|Any CPU.ActiveCfg = Release|Any CPU
		{7FACD6EB-7DA4-412D-A372-E420DB4A6E3E}.Release|Any CPU.Build.0 = Release|Any CPU
	EndGlobalSection
EndGlobal